{
  "version": 4,
  "terraform_version": "1.1.9",
  "serial": 126,
  "lineage": "a0646885-7745-31f2-f407-baf8b63a88f6",
  "outputs": {
    "bastion_host_linuxvm_public_ip_address": {
      "value": "40.122.45.229",
      "type": "string"
    },
    "virtual_network_id": {
      "value": "/subscriptions/30ac425c-ea17-4b90-badf-2af77b724338/resourceGroups/hr-dev-rg-fucvkj/providers/Microsoft.Network/virtualNetworks/hr-dev-vnet",
      "type": "string"
    },
    "virtual_network_name": {
      "value": "hr-dev-vnet",
      "type": "string"
    },
    "web_linuxvm_network_interface_id": {
      "value": "/subscriptions/30ac425c-ea17-4b90-badf-2af77b724338/resourceGroups/hr-dev-rg-fucvkj/providers/Microsoft.Network/networkInterfaces/hr-dev-web-linuxvm-nic",
      "type": "string"
    },
    "web_linuxvm_network_interface_private_ip_addresses": {
      "value": [
        [
          "10.1.1.4"
        ]
      ],
      "type": [
        "tuple",
        [
          [
            "list",
            "string"
          ]
        ]
      ]
    },
    "web_linuxvm_private_ip_address": {
      "value": "10.1.1.4",
      "type": "string"
    },
    "web_linuxvm_public_ip": {
      "value": "104.43.239.140",
      "type": "string"
    },
    "web_linuxvm_public_ip_address": {
      "value": "104.43.239.140",
      "type": "string"
    },
    "web_linuxvm_virtual_machine_id": {
      "value": "/subscriptions/30ac425c-ea17-4b90-badf-2af77b724338/resourceGroups/hr-dev-rg-fucvkj/providers/Microsoft.Compute/virtualMachines/hr-dev-web-linuxvm",
      "type": "string"
    },
    "web_linuxvm_virtual_machine_id_128bit": {
      "value": "57d8621e-cea1-441b-9ec6-5e61c48c1494",
      "type": "string"
    },
    "web_subnet_id": {
      "value": "/subscriptions/30ac425c-ea17-4b90-badf-2af77b724338/resourceGroups/hr-dev-rg-fucvkj/providers/Microsoft.Network/virtualNetworks/hr-dev-vnet/subnets/hr-dev-vnet-websubnet",
      "type": "string"
    },
    "web_subnet_name": {
      "value": "hr-dev-vnet-websubnet",
      "type": "string"
    },
    "web_subnet_nsg_id": {
      "value": "/subscriptions/30ac425c-ea17-4b90-badf-2af77b724338/resourceGroups/hr-dev-rg-fucvkj/providers/Microsoft.Network/networkSecurityGroups/hr-dev-vnet-websubnet-nsg",
      "type": "string"
    },
    "web_subnet_nsg_name": {
      "value": "hr-dev-vnet-websubnet-nsg",
      "type": "string"
    }
  },
  "resources": [
    {
      "mode": "managed",
      "type": "azurerm_bastion_host",
      "name": "bastion_host",
      "provider": "provider[\"registry.terraform.io/hashicorp/azurerm\"]",
      "instances": [
        {
          "schema_version": 0,
          "attributes": {
            "copy_paste_enabled": true,
            "dns_name": "bst-2eb9b31a-bfea-42b9-80e7-7c4ef9929ae7.bastion.azure.com",
            "file_copy_enabled": false,
            "id": "/subscriptions/30ac425c-ea17-4b90-badf-2af77b724338/resourceGroups/hr-dev-rg-fucvkj/providers/Microsoft.Network/bastionHosts/hr-dev-bastion-service",
            "ip_configuration": [
              {
                "name": "configuration",
                "public_ip_address_id": "/subscriptions/30ac425c-ea17-4b90-badf-2af77b724338/resourceGroups/hr-dev-rg-fucvkj/providers/Microsoft.Network/publicIPAddresses/hr-dev-bastion-service-publicip",
                "subnet_id": "/subscriptions/30ac425c-ea17-4b90-badf-2af77b724338/resourceGroups/hr-dev-rg-fucvkj/providers/Microsoft.Network/virtualNetworks/hr-dev-vnet/subnets/AzureBastionSubnet"
              }
            ],
            "ip_connect_enabled": false,
            "location": "centralus",
            "name": "hr-dev-bastion-service",
            "resource_group_name": "hr-dev-rg-fucvkj",
            "scale_units": 2,
            "shareable_link_enabled": false,
            "sku": "Basic",
            "tags": null,
            "timeouts": null,
            "tunneling_enabled": false
          },
          "sensitive_attributes": [],
          "private": "eyJlMmJmYjczMC1lY2FhLTExZTYtOGY4OC0zNDM2M2JjN2M0YzAiOnsiY3JlYXRlIjoxODAwMDAwMDAwMDAwLCJkZWxldGUiOjE4MDAwMDAwMDAwMDAsInJlYWQiOjMwMDAwMDAwMDAwMCwidXBkYXRlIjoxODAwMDAwMDAwMDAwfX0=",
          "dependencies": [
            "azurerm_public_ip.bastion_service_publicip",
            "azurerm_resource_group.rg",
            "azurerm_subnet.bastion_service_subnet",
            "azurerm_virtual_network.vnet",
            "random_string.myrandom"
          ]
        }
      ]
    },
    {
      "mode": "managed",
      "type": "azurerm_linux_virtual_machine",
      "name": "bastion_host_linuxvm",
      "provider": "provider[\"registry.terraform.io/hashicorp/azurerm\"]",
      "instances": [
        {
          "schema_version": 0,
          "attributes": {
            "additional_capabilities": [],
            "admin_password": null,
            "admin_ssh_key": [
              {
                "public_key": "ssh-rsa AAAAB3NzaC1yc2EAAAADAQABAAACAQDXdh4vmWxsgdg43Vj0hykIk36uqxoRqGlEuSRiFvZNgY+bbmgjamJG27C2kj0Zzw8R1V2w0hulF5syLqGeOFpLUqHVLd6P+p5nzDUymDGUvzMxKilOajMQxFD8BacZh6GM1y0PGrZtgh5e5jUb5PbsXE/J6qnH8Bq94SYgfIwZaW86pMoHXQBPD6CRvGsS5QDbALyBN729T95kYUCztP8T7DlCnMgIErR4U1Klij+DGPhOsb/oIzmdbevU3mIyvkuq/Fyfx3TEZtRMlqdA1pAo7qe9cINR44KAA4BPIXsgJ2VXDBtLI0SqDVz6z+RH6U8ksRK/PB+v0gB+7FrQOVS4Nyb4miAlLhzOklENsEquiROs+Euo7NLixRGIQxzd6jx+uv3Ye6ARgixrTVFpxNRhXRoFNVmbbnLeUJ/CEJ89sqB6tvNsOTAzwOn0pCO9pFu9r0LZSmB/4y8GdYPCIjjV7jXBlErf0+Z4QsYv1uFzNzkoRMow8zEuOjiE70caJ11DdtDAIhX+r2dadtOBM6vngV1AwpVaPScMcG/pccDKsekznfS4IXcEuNTbGd5qg3K0/WN/CkqINGojtCkTTJvyBTQ/ibFBc4KAEh26cotNDr/T6x9oCN/FQkKTV33tqaYXHgxmna42yabCURY61jjWZKbOGGwOQHq7cZ8Le81hiw== azureuser@myserver\n",
                "username": "azureuser"
              }
            ],
            "admin_username": "azureuser",
            "allow_extension_operations": true,
            "availability_set_id": "",
            "boot_diagnostics": [],
            "computer_name": "hr-dev-bastion-linuxvm",
            "custom_data": null,
            "dedicated_host_group_id": "",
            "dedicated_host_id": "",
            "disable_password_authentication": true,
            "edge_zone": "",
            "encryption_at_host_enabled": false,
            "eviction_policy": "",
            "extensions_time_budget": "PT1H30M",
            "id": "/subscriptions/30ac425c-ea17-4b90-badf-2af77b724338/resourceGroups/hr-dev-rg-fucvkj/providers/Microsoft.Compute/virtualMachines/hr-dev-bastion-linuxvm",
            "identity": [],
            "license_type": "",
            "location": "centralus",
            "max_bid_price": -1,
            "name": "hr-dev-bastion-linuxvm",
            "network_interface_ids": [
              "/subscriptions/30ac425c-ea17-4b90-badf-2af77b724338/resourceGroups/hr-dev-rg-fucvkj/providers/Microsoft.Network/networkInterfaces/hr-dev-bastion-host-linuxvm-nic"
            ],
            "os_disk": [
              {
                "caching": "ReadWrite",
                "diff_disk_settings": [],
                "disk_encryption_set_id": "",
                "disk_size_gb": 64,
                "name": "hr-dev-bastion-linuxvm_OsDisk_1_239ee105bddd46a2a9bf3dad66cd03c1",
                "storage_account_type": "Standard_LRS",
                "write_accelerator_enabled": false
              }
            ],
            "patch_mode": "ImageDefault",
            "plan": [],
            "platform_fault_domain": -1,
            "priority": "Regular",
            "private_ip_address": "10.1.100.4",
            "private_ip_addresses": [
              "10.1.100.4"
            ],
            "provision_vm_agent": true,
            "proximity_placement_group_id": "",
            "public_ip_address": "40.122.45.229",
            "public_ip_addresses": [
              "40.122.45.229"
            ],
            "resource_group_name": "hr-dev-rg-fucvkj",
            "secret": [],
            "secure_boot_enabled": false,
            "size": "Standard_DS1",
            "source_image_id": "",
            "source_image_reference": [
              {
                "offer": "RHEL",
                "publisher": "RedHat",
                "sku": "83-gen2",
                "version": "latest"
              }
            ],
            "tags": null,
            "termination_notification": null,
            "timeouts": null,
            "user_data": "",
            "virtual_machine_id": "559c54ec-5545-449a-b1c7-84040fb45914",
            "virtual_machine_scale_set_id": "",
            "vtpm_enabled": false,
            "zone": ""
          },
          "sensitive_attributes": [],
          "private": "eyJlMmJmYjczMC1lY2FhLTExZTYtOGY4OC0zNDM2M2JjN2M0YzAiOnsiY3JlYXRlIjoyNzAwMDAwMDAwMDAwLCJkZWxldGUiOjI3MDAwMDAwMDAwMDAsInJlYWQiOjMwMDAwMDAwMDAwMCwidXBkYXRlIjoyNzAwMDAwMDAwMDAwfX0=",
          "dependencies": [
            "azurerm_network_interface.bastion_host_linuxvm_nic",
            "azurerm_public_ip.bastion_host_publicip",
            "azurerm_resource_group.rg",
            "azurerm_subnet.bastionsubnet",
            "azurerm_virtual_network.vnet",
            "random_string.myrandom"
          ]
        }
      ]
    },
    {
      "mode": "managed",
      "type": "azurerm_linux_virtual_machine",
      "name": "web_linuxvm",
      "provider": "provider[\"registry.terraform.io/hashicorp/azurerm\"]",
      "instances": [
        {
          "schema_version": 0,
          "attributes": {
            "additional_capabilities": [],
            "admin_password": null,
            "admin_ssh_key": [
              {
                "public_key": "ssh-rsa AAAAB3NzaC1yc2EAAAADAQABAAACAQDXdh4vmWxsgdg43Vj0hykIk36uqxoRqGlEuSRiFvZNgY+bbmgjamJG27C2kj0Zzw8R1V2w0hulF5syLqGeOFpLUqHVLd6P+p5nzDUymDGUvzMxKilOajMQxFD8BacZh6GM1y0PGrZtgh5e5jUb5PbsXE/J6qnH8Bq94SYgfIwZaW86pMoHXQBPD6CRvGsS5QDbALyBN729T95kYUCztP8T7DlCnMgIErR4U1Klij+DGPhOsb/oIzmdbevU3mIyvkuq/Fyfx3TEZtRMlqdA1pAo7qe9cINR44KAA4BPIXsgJ2VXDBtLI0SqDVz6z+RH6U8ksRK/PB+v0gB+7FrQOVS4Nyb4miAlLhzOklENsEquiROs+Euo7NLixRGIQxzd6jx+uv3Ye6ARgixrTVFpxNRhXRoFNVmbbnLeUJ/CEJ89sqB6tvNsOTAzwOn0pCO9pFu9r0LZSmB/4y8GdYPCIjjV7jXBlErf0+Z4QsYv1uFzNzkoRMow8zEuOjiE70caJ11DdtDAIhX+r2dadtOBM6vngV1AwpVaPScMcG/pccDKsekznfS4IXcEuNTbGd5qg3K0/WN/CkqINGojtCkTTJvyBTQ/ibFBc4KAEh26cotNDr/T6x9oCN/FQkKTV33tqaYXHgxmna42yabCURY61jjWZKbOGGwOQHq7cZ8Le81hiw== azureuser@myserver\n",
                "username": "azureuser"
              }
            ],
            "admin_username": "azureuser",
            "allow_extension_operations": true,
            "availability_set_id": "",
            "boot_diagnostics": [],
            "computer_name": "hr-dev-web-linuxvm",
            "custom_data": "IyEvYmluL3NoCiMhL2Jpbi9zaAojc3VkbyB5dW0gdXBkYXRlIC15CnN1ZG8geXVtIGluc3RhbGwgLXkgaHR0cGQKc3VkbyBzeXN0ZW1jdGwgZW5hYmxlIGh0dHBkCnN1ZG8gc3lzdGVtY3RsIHN0YXJ0IGh0dHBkICAKc3VkbyBzeXN0ZW1jdGwgc3RvcCBmaXJld2FsbGQKc3VkbyBzeXN0ZW1jdGwgZGlzYWJsZSBmaXJld2FsbGQKc3VkbyBjaG1vZCAtUiA3NzcgL3Zhci93d3cvaHRtbCAKc3VkbyBlY2hvICJXZWxjb21lIHRvIHN0YWNrc2ltcGxpZnkgLSBXZWJWTSBBcHAxIC0gVk0gSG9zdG5hbWU6ICQoaG9zdG5hbWUpIiA+IC92YXIvd3d3L2h0bWwvaW5kZXguaHRtbApzdWRvIG1rZGlyIC92YXIvd3d3L2h0bWwvYXBwMQpzdWRvIGVjaG8gIldlbGNvbWUgdG8gc3RhY2tzaW1wbGlmeSAtIFdlYlZNIEFwcDEgLSBWTSBIb3N0bmFtZTogJChob3N0bmFtZSkiID4gL3Zhci93d3cvaHRtbC9hcHAxL2hvc3RuYW1lLmh0bWwKc3VkbyBlY2hvICJXZWxjb21lIHRvIHN0YWNrc2ltcGxpZnkgLSBXZWJWTSBBcHAxIC0gQXBwIFN0YXR1cyBQYWdlIiA+IC92YXIvd3d3L2h0bWwvYXBwMS9zdGF0dXMuaHRtbApzdWRvIGVjaG8gJzwhRE9DVFlQRSBodG1sPiA8aHRtbD4gPGJvZHkgc3R5bGU9ImJhY2tncm91bmQtY29sb3I6cmdiKDI1MCwgMjEwLCAyMTApOyI+IDxoMT5XZWxjb21lIHRvIFN0YWNrIFNpbXBsaWZ5IC0gV2ViVk0gQVBQLTEgPC9oMT4gPHA+VGVycmFmb3JtIERlbW88L3A+IDxwPkFwcGxpY2F0aW9uIFZlcnNpb246IFYxPC9wPiA8L2JvZHk+PC9odG1sPicgfCBzdWRvIHRlZSAvdmFyL3d3dy9odG1sL2FwcDEvaW5kZXguaHRtbApzdWRvIGN1cmwgLUggIk1ldGFkYXRhOnRydWUiIC0tbm9wcm94eSAiKiIgImh0dHA6Ly8xNjkuMjU0LjE2OS4yNTQvbWV0YWRhdGEvaW5zdGFuY2U/YXBpLXZlcnNpb249MjAyMC0wOS0wMSIgLW8gL3Zhci93d3cvaHRtbC9hcHAxL21ldGFkYXRhLmh0bWwK",
            "dedicated_host_group_id": "",
            "dedicated_host_id": "",
            "disable_password_authentication": true,
            "edge_zone": "",
            "encryption_at_host_enabled": false,
            "eviction_policy": "",
            "extensions_time_budget": "PT1H30M",
            "id": "/subscriptions/30ac425c-ea17-4b90-badf-2af77b724338/resourceGroups/hr-dev-rg-fucvkj/providers/Microsoft.Compute/virtualMachines/hr-dev-web-linuxvm",
            "identity": [],
            "license_type": "",
            "location": "centralus",
            "max_bid_price": -1,
            "name": "hr-dev-web-linuxvm",
            "network_interface_ids": [
              "/subscriptions/30ac425c-ea17-4b90-badf-2af77b724338/resourceGroups/hr-dev-rg-fucvkj/providers/Microsoft.Network/networkInterfaces/hr-dev-web-linuxvm-nic"
            ],
            "os_disk": [
              {
                "caching": "ReadWrite",
                "diff_disk_settings": [],
                "disk_encryption_set_id": "",
                "disk_size_gb": 64,
                "name": "hr-dev-web-linuxvm_OsDisk_1_cf4f9bbab0634535b399527f2d948e15",
                "storage_account_type": "Standard_LRS",
                "write_accelerator_enabled": false
              }
            ],
            "patch_mode": "ImageDefault",
            "plan": [],
            "platform_fault_domain": -1,
            "priority": "Regular",
            "private_ip_address": "10.1.1.4",
            "private_ip_addresses": [
              "10.1.1.4"
            ],
            "provision_vm_agent": true,
            "proximity_placement_group_id": "",
            "public_ip_address": "104.43.239.140",
            "public_ip_addresses": [
              "104.43.239.140"
            ],
            "resource_group_name": "hr-dev-rg-fucvkj",
            "secret": [],
            "secure_boot_enabled": false,
            "size": "Standard_DS1",
            "source_image_id": "",
            "source_image_reference": [
              {
                "offer": "RHEL",
                "publisher": "RedHat",
                "sku": "83-gen2",
                "version": "latest"
              }
            ],
            "tags": null,
            "termination_notification": null,
            "timeouts": null,
            "user_data": "",
            "virtual_machine_id": "57d8621e-cea1-441b-9ec6-5e61c48c1494",
            "virtual_machine_scale_set_id": "",
            "vtpm_enabled": false,
            "zone": ""
          },
          "sensitive_attributes": [],
          "private": "eyJlMmJmYjczMC1lY2FhLTExZTYtOGY4OC0zNDM2M2JjN2M0YzAiOnsiY3JlYXRlIjoyNzAwMDAwMDAwMDAwLCJkZWxldGUiOjI3MDAwMDAwMDAwMDAsInJlYWQiOjMwMDAwMDAwMDAwMCwidXBkYXRlIjoyNzAwMDAwMDAwMDAwfX0=",
          "dependencies": [
            "azurerm_network_interface.web_linuxvm_nic",
            "azurerm_public_ip.web_linuxvm_publicip",
            "azurerm_resource_group.rg",
            "azurerm_subnet.websubnet",
            "azurerm_virtual_network.vnet",
            "random_string.myrandom"
          ]
        }
      ]
    },
    {
      "mode": "managed",
      "type": "azurerm_network_interface",
      "name": "bastion_host_linuxvm_nic",
      "provider": "provider[\"registry.terraform.io/hashicorp/azurerm\"]",
      "instances": [
        {
          "schema_version": 0,
          "attributes": {
            "applied_dns_servers": [],
            "dns_servers": [],
            "edge_zone": "",
            "enable_accelerated_networking": false,
            "enable_ip_forwarding": false,
            "id": "/subscriptions/30ac425c-ea17-4b90-badf-2af77b724338/resourceGroups/hr-dev-rg-fucvkj/providers/Microsoft.Network/networkInterfaces/hr-dev-bastion-host-linuxvm-nic",
            "internal_dns_name_label": "",
            "internal_domain_name_suffix": "onniswn35t0e5djstqap0vlsgg.gx.internal.cloudapp.net",
            "ip_configuration": [
              {
                "gateway_load_balancer_frontend_ip_configuration_id": "",
                "name": "bastion-host-ip-1",
                "primary": true,
                "private_ip_address": "10.1.100.4",
                "private_ip_address_allocation": "Dynamic",
                "private_ip_address_version": "IPv4",
                "public_ip_address_id": "/subscriptions/30ac425c-ea17-4b90-badf-2af77b724338/resourceGroups/hr-dev-rg-fucvkj/providers/Microsoft.Network/publicIPAddresses/hr-dev-bastion-host-publicip",
                "subnet_id": "/subscriptions/30ac425c-ea17-4b90-badf-2af77b724338/resourceGroups/hr-dev-rg-fucvkj/providers/Microsoft.Network/virtualNetworks/hr-dev-vnet/subnets/hr-dev-vnet-bastionsubnet"
              }
            ],
            "location": "centralus",
            "mac_address": "",
            "name": "hr-dev-bastion-host-linuxvm-nic",
            "private_ip_address": "10.1.100.4",
            "private_ip_addresses": [
              "10.1.100.4"
            ],
            "resource_group_name": "hr-dev-rg-fucvkj",
            "tags": null,
            "timeouts": null,
            "virtual_machine_id": ""
          },
          "sensitive_attributes": [],
          "private": "eyJlMmJmYjczMC1lY2FhLTExZTYtOGY4OC0zNDM2M2JjN2M0YzAiOnsiY3JlYXRlIjoxODAwMDAwMDAwMDAwLCJkZWxldGUiOjE4MDAwMDAwMDAwMDAsInJlYWQiOjMwMDAwMDAwMDAwMCwidXBkYXRlIjoxODAwMDAwMDAwMDAwfX0=",
          "dependencies": [
            "azurerm_public_ip.bastion_host_publicip",
            "azurerm_resource_group.rg",
            "azurerm_subnet.bastionsubnet",
            "azurerm_virtual_network.vnet",
            "random_string.myrandom"
          ]
        }
      ]
    },
    {
      "mode": "managed",
      "type": "azurerm_network_interface",
      "name": "web_linuxvm_nic",
      "provider": "provider[\"registry.terraform.io/hashicorp/azurerm\"]",
      "instances": [
        {
          "schema_version": 0,
          "attributes": {
            "applied_dns_servers": [],
            "dns_servers": [],
            "edge_zone": "",
            "enable_accelerated_networking": false,
            "enable_ip_forwarding": false,
            "id": "/subscriptions/30ac425c-ea17-4b90-badf-2af77b724338/resourceGroups/hr-dev-rg-fucvkj/providers/Microsoft.Network/networkInterfaces/hr-dev-web-linuxvm-nic",
            "internal_dns_name_label": "",
            "internal_domain_name_suffix": "onniswn35t0e5djstqap0vlsgg.gx.internal.cloudapp.net",
            "ip_configuration": [
              {
                "gateway_load_balancer_frontend_ip_configuration_id": "",
                "name": "web-linuxvm-ip-1",
                "primary": true,
                "private_ip_address": "10.1.1.4",
                "private_ip_address_allocation": "Dynamic",
                "private_ip_address_version": "IPv4",
                "public_ip_address_id": "/subscriptions/30ac425c-ea17-4b90-badf-2af77b724338/resourceGroups/hr-dev-rg-fucvkj/providers/Microsoft.Network/publicIPAddresses/hr-dev-linuxvm-publicip",
                "subnet_id": "/subscriptions/30ac425c-ea17-4b90-badf-2af77b724338/resourceGroups/hr-dev-rg-fucvkj/providers/Microsoft.Network/virtualNetworks/hr-dev-vnet/subnets/hr-dev-vnet-websubnet"
              }
            ],
            "location": "centralus",
            "mac_address": "",
            "name": "hr-dev-web-linuxvm-nic",
            "private_ip_address": "10.1.1.4",
            "private_ip_addresses": [
              "10.1.1.4"
            ],
            "resource_group_name": "hr-dev-rg-fucvkj",
            "tags": null,
            "timeouts": null,
            "virtual_machine_id": ""
          },
          "sensitive_attributes": [],
          "private": "eyJlMmJmYjczMC1lY2FhLTExZTYtOGY4OC0zNDM2M2JjN2M0YzAiOnsiY3JlYXRlIjoxODAwMDAwMDAwMDAwLCJkZWxldGUiOjE4MDAwMDAwMDAwMDAsInJlYWQiOjMwMDAwMDAwMDAwMCwidXBkYXRlIjoxODAwMDAwMDAwMDAwfX0=",
          "dependencies": [
            "azurerm_public_ip.web_linuxvm_publicip",
            "azurerm_resource_group.rg",
            "azurerm_subnet.websubnet",
            "azurerm_virtual_network.vnet",
            "random_string.myrandom"
          ]
        }
      ]
    },
    {
      "mode": "managed",
      "type": "azurerm_network_interface_security_group_association",
      "name": "web_vmnic_nsg_associate",
      "provider": "provider[\"registry.terraform.io/hashicorp/azurerm\"]",
      "instances": [
        {
          "schema_version": 0,
          "attributes": {
            "id": "/subscriptions/30ac425c-ea17-4b90-badf-2af77b724338/resourceGroups/hr-dev-rg-fucvkj/providers/Microsoft.Network/networkInterfaces/hr-dev-web-linuxvm-nic|/subscriptions/30ac425c-ea17-4b90-badf-2af77b724338/resourceGroups/hr-dev-rg-fucvkj/providers/Microsoft.Network/networkSecurityGroups/hr-dev-web-linuxvm-nic-nsg",
            "network_interface_id": "/subscriptions/30ac425c-ea17-4b90-badf-2af77b724338/resourceGroups/hr-dev-rg-fucvkj/providers/Microsoft.Network/networkInterfaces/hr-dev-web-linuxvm-nic",
            "network_security_group_id": "/subscriptions/30ac425c-ea17-4b90-badf-2af77b724338/resourceGroups/hr-dev-rg-fucvkj/providers/Microsoft.Network/networkSecurityGroups/hr-dev-web-linuxvm-nic-nsg",
            "timeouts": null
          },
          "sensitive_attributes": [],
          "private": "eyJlMmJmYjczMC1lY2FhLTExZTYtOGY4OC0zNDM2M2JjN2M0YzAiOnsiY3JlYXRlIjoxODAwMDAwMDAwMDAwLCJkZWxldGUiOjE4MDAwMDAwMDAwMDAsInJlYWQiOjMwMDAwMDAwMDAwMCwidXBkYXRlIjoxODAwMDAwMDAwMDAwfX0=",
          "dependencies": [
            "azurerm_network_interface.web_linuxvm_nic",
            "azurerm_network_security_group.web_vmnic_nsg",
            "azurerm_network_security_rule.web_vmnic_nsg_rule_inbound",
            "azurerm_public_ip.web_linuxvm_publicip",
            "azurerm_resource_group.rg",
            "azurerm_subnet.websubnet",
            "azurerm_virtual_network.vnet",
            "random_string.myrandom"
          ]
        }
      ]
    },
    {
      "mode": "managed",
      "type": "azurerm_network_security_group",
      "name": "app_subnet_nsg",
      "provider": "provider[\"registry.terraform.io/hashicorp/azurerm\"]",
      "instances": [
        {
          "schema_version": 0,
          "attributes": {
            "id": "/subscriptions/30ac425c-ea17-4b90-badf-2af77b724338/resourceGroups/hr-dev-rg-fucvkj/providers/Microsoft.Network/networkSecurityGroups/hr-dev-vnet-appsubnet-nsg",
            "location": "centralus",
            "name": "hr-dev-vnet-appsubnet-nsg",
            "resource_group_name": "hr-dev-rg-fucvkj",
            "security_rule": [],
            "tags": null,
            "timeouts": null
          },
          "sensitive_attributes": [],
          "private": "eyJlMmJmYjczMC1lY2FhLTExZTYtOGY4OC0zNDM2M2JjN2M0YzAiOnsiY3JlYXRlIjoxODAwMDAwMDAwMDAwLCJkZWxldGUiOjE4MDAwMDAwMDAwMDAsInJlYWQiOjMwMDAwMDAwMDAwMCwidXBkYXRlIjoxODAwMDAwMDAwMDAwfX0=",
          "dependencies": [
            "azurerm_resource_group.rg",
            "azurerm_subnet.appsubnet",
            "azurerm_virtual_network.vnet",
            "random_string.myrandom"
          ]
        }
      ]
    },
    {
      "mode": "managed",
      "type": "azurerm_network_security_group",
      "name": "bastion_subnet_nsg",
      "provider": "provider[\"registry.terraform.io/hashicorp/azurerm\"]",
      "instances": [
        {
          "schema_version": 0,
          "attributes": {
            "id": "/subscriptions/30ac425c-ea17-4b90-badf-2af77b724338/resourceGroups/hr-dev-rg-fucvkj/providers/Microsoft.Network/networkSecurityGroups/hr-dev-vnet-bastionsubnet-nsg",
            "location": "centralus",
            "name": "hr-dev-vnet-bastionsubnet-nsg",
            "resource_group_name": "hr-dev-rg-fucvkj",
            "security_rule": [],
            "tags": null,
            "timeouts": null
          },
          "sensitive_attributes": [],
          "private": "eyJlMmJmYjczMC1lY2FhLTExZTYtOGY4OC0zNDM2M2JjN2M0YzAiOnsiY3JlYXRlIjoxODAwMDAwMDAwMDAwLCJkZWxldGUiOjE4MDAwMDAwMDAwMDAsInJlYWQiOjMwMDAwMDAwMDAwMCwidXBkYXRlIjoxODAwMDAwMDAwMDAwfX0=",
          "dependencies": [
            "azurerm_resource_group.rg",
            "azurerm_subnet.bastionsubnet",
            "azurerm_virtual_network.vnet",
            "random_string.myrandom"
          ]
        }
      ]
    },
    {
      "mode": "managed",
      "type": "azurerm_network_security_group",
      "name": "db_subnet_nsg",
      "provider": "provider[\"registry.terraform.io/hashicorp/azurerm\"]",
      "instances": [
        {
          "schema_version": 0,
          "attributes": {
            "id": "/subscriptions/30ac425c-ea17-4b90-badf-2af77b724338/resourceGroups/hr-dev-rg-fucvkj/providers/Microsoft.Network/networkSecurityGroups/hr-dev-vnet-dbsubnet-nsg",
            "location": "centralus",
            "name": "hr-dev-vnet-dbsubnet-nsg",
            "resource_group_name": "hr-dev-rg-fucvkj",
            "security_rule": [],
            "tags": null,
            "timeouts": null
          },
          "sensitive_attributes": [],
          "private": "eyJlMmJmYjczMC1lY2FhLTExZTYtOGY4OC0zNDM2M2JjN2M0YzAiOnsiY3JlYXRlIjoxODAwMDAwMDAwMDAwLCJkZWxldGUiOjE4MDAwMDAwMDAwMDAsInJlYWQiOjMwMDAwMDAwMDAwMCwidXBkYXRlIjoxODAwMDAwMDAwMDAwfX0=",
          "dependencies": [
            "azurerm_resource_group.rg",
            "azurerm_subnet.dbsubnet",
            "azurerm_virtual_network.vnet",
            "random_string.myrandom"
          ]
        }
      ]
    },
    {
      "mode": "managed",
      "type": "azurerm_network_security_group",
      "name": "web_subnet_nsg",
      "provider": "provider[\"registry.terraform.io/hashicorp/azurerm\"]",
      "instances": [
        {
          "schema_version": 0,
          "attributes": {
            "id": "/subscriptions/30ac425c-ea17-4b90-badf-2af77b724338/resourceGroups/hr-dev-rg-fucvkj/providers/Microsoft.Network/networkSecurityGroups/hr-dev-vnet-websubnet-nsg",
            "location": "centralus",
            "name": "hr-dev-vnet-websubnet-nsg",
            "resource_group_name": "hr-dev-rg-fucvkj",
            "security_rule": [],
            "tags": null,
            "timeouts": null
          },
          "sensitive_attributes": [],
          "private": "eyJlMmJmYjczMC1lY2FhLTExZTYtOGY4OC0zNDM2M2JjN2M0YzAiOnsiY3JlYXRlIjoxODAwMDAwMDAwMDAwLCJkZWxldGUiOjE4MDAwMDAwMDAwMDAsInJlYWQiOjMwMDAwMDAwMDAwMCwidXBkYXRlIjoxODAwMDAwMDAwMDAwfX0=",
          "dependencies": [
            "azurerm_resource_group.rg",
            "azurerm_subnet.websubnet",
            "azurerm_virtual_network.vnet",
            "random_string.myrandom"
          ]
        }
      ]
    },
    {
      "mode": "managed",
      "type": "azurerm_network_security_group",
      "name": "web_vmnic_nsg",
      "provider": "provider[\"registry.terraform.io/hashicorp/azurerm\"]",
      "instances": [
        {
          "schema_version": 0,
          "attributes": {
            "id": "/subscriptions/30ac425c-ea17-4b90-badf-2af77b724338/resourceGroups/hr-dev-rg-fucvkj/providers/Microsoft.Network/networkSecurityGroups/hr-dev-web-linuxvm-nic-nsg",
            "location": "centralus",
            "name": "hr-dev-web-linuxvm-nic-nsg",
            "resource_group_name": "hr-dev-rg-fucvkj",
            "security_rule": [],
            "tags": null,
            "timeouts": null
          },
          "sensitive_attributes": [],
          "private": "eyJlMmJmYjczMC1lY2FhLTExZTYtOGY4OC0zNDM2M2JjN2M0YzAiOnsiY3JlYXRlIjoxODAwMDAwMDAwMDAwLCJkZWxldGUiOjE4MDAwMDAwMDAwMDAsInJlYWQiOjMwMDAwMDAwMDAwMCwidXBkYXRlIjoxODAwMDAwMDAwMDAwfX0=",
          "dependencies": [
            "azurerm_network_interface.web_linuxvm_nic",
            "azurerm_public_ip.web_linuxvm_publicip",
            "azurerm_resource_group.rg",
            "azurerm_subnet.websubnet",
            "azurerm_virtual_network.vnet",
            "random_string.myrandom"
          ]
        }
      ]
    },
    {
      "mode": "managed",
      "type": "azurerm_network_security_rule",
      "name": "app_nsg_rule_inbound",
      "provider": "provider[\"registry.terraform.io/hashicorp/azurerm\"]",
      "instances": [
        {
          "index_key": "100",
          "schema_version": 0,
          "attributes": {
            "access": "Allow",
            "description": "",
            "destination_address_prefix": "*",
            "destination_address_prefixes": null,
            "destination_application_security_group_ids": null,
            "destination_port_range": "80",
            "destination_port_ranges": null,
            "direction": "Inbound",
            "id": "/subscriptions/30ac425c-ea17-4b90-badf-2af77b724338/resourceGroups/hr-dev-rg-fucvkj/providers/Microsoft.Network/networkSecurityGroups/hr-dev-vnet-appsubnet-nsg/securityRules/Rule-Port-80",
            "name": "Rule-Port-80",
            "network_security_group_name": "hr-dev-vnet-appsubnet-nsg",
            "priority": 100,
            "protocol": "Tcp",
            "resource_group_name": "hr-dev-rg-fucvkj",
            "source_address_prefix": "*",
            "source_address_prefixes": null,
            "source_application_security_group_ids": null,
            "source_port_range": "*",
            "source_port_ranges": null,
            "timeouts": null
          },
          "sensitive_attributes": [],
          "private": "eyJlMmJmYjczMC1lY2FhLTExZTYtOGY4OC0zNDM2M2JjN2M0YzAiOnsiY3JlYXRlIjoxODAwMDAwMDAwMDAwLCJkZWxldGUiOjE4MDAwMDAwMDAwMDAsInJlYWQiOjMwMDAwMDAwMDAwMCwidXBkYXRlIjoxODAwMDAwMDAwMDAwfX0=",
          "dependencies": [
            "azurerm_network_security_group.app_subnet_nsg",
            "azurerm_resource_group.rg",
            "azurerm_subnet.appsubnet",
            "azurerm_virtual_network.vnet",
            "random_string.myrandom"
          ]
        },
        {
          "index_key": "110",
          "schema_version": 0,
          "attributes": {
            "access": "Allow",
            "description": "",
            "destination_address_prefix": "*",
            "destination_address_prefixes": null,
            "destination_application_security_group_ids": null,
            "destination_port_range": "443",
            "destination_port_ranges": null,
            "direction": "Inbound",
            "id": "/subscriptions/30ac425c-ea17-4b90-badf-2af77b724338/resourceGroups/hr-dev-rg-fucvkj/providers/Microsoft.Network/networkSecurityGroups/hr-dev-vnet-appsubnet-nsg/securityRules/Rule-Port-443",
            "name": "Rule-Port-443",
            "network_security_group_name": "hr-dev-vnet-appsubnet-nsg",
            "priority": 110,
            "protocol": "Tcp",
            "resource_group_name": "hr-dev-rg-fucvkj",
            "source_address_prefix": "*",
            "source_address_prefixes": null,
            "source_application_security_group_ids": null,
            "source_port_range": "*",
            "source_port_ranges": null,
            "timeouts": null
          },
          "sensitive_attributes": [],
          "private": "eyJlMmJmYjczMC1lY2FhLTExZTYtOGY4OC0zNDM2M2JjN2M0YzAiOnsiY3JlYXRlIjoxODAwMDAwMDAwMDAwLCJkZWxldGUiOjE4MDAwMDAwMDAwMDAsInJlYWQiOjMwMDAwMDAwMDAwMCwidXBkYXRlIjoxODAwMDAwMDAwMDAwfX0=",
          "dependencies": [
            "azurerm_network_security_group.app_subnet_nsg",
            "azurerm_resource_group.rg",
            "azurerm_subnet.appsubnet",
            "azurerm_virtual_network.vnet",
            "random_string.myrandom"
          ]
        },
        {
          "index_key": "120",
          "schema_version": 0,
          "attributes": {
            "access": "Allow",
            "description": "",
            "destination_address_prefix": "*",
            "destination_address_prefixes": null,
            "destination_application_security_group_ids": null,
            "destination_port_range": "8080",
            "destination_port_ranges": null,
            "direction": "Inbound",
            "id": "/subscriptions/30ac425c-ea17-4b90-badf-2af77b724338/resourceGroups/hr-dev-rg-fucvkj/providers/Microsoft.Network/networkSecurityGroups/hr-dev-vnet-appsubnet-nsg/securityRules/Rule-Port-8080",
            "name": "Rule-Port-8080",
            "network_security_group_name": "hr-dev-vnet-appsubnet-nsg",
            "priority": 120,
            "protocol": "Tcp",
            "resource_group_name": "hr-dev-rg-fucvkj",
            "source_address_prefix": "*",
            "source_address_prefixes": null,
            "source_application_security_group_ids": null,
            "source_port_range": "*",
            "source_port_ranges": null,
            "timeouts": null
          },
          "sensitive_attributes": [],
          "private": "eyJlMmJmYjczMC1lY2FhLTExZTYtOGY4OC0zNDM2M2JjN2M0YzAiOnsiY3JlYXRlIjoxODAwMDAwMDAwMDAwLCJkZWxldGUiOjE4MDAwMDAwMDAwMDAsInJlYWQiOjMwMDAwMDAwMDAwMCwidXBkYXRlIjoxODAwMDAwMDAwMDAwfX0=",
          "dependencies": [
            "azurerm_network_security_group.app_subnet_nsg",
            "azurerm_resource_group.rg",
            "azurerm_subnet.appsubnet",
            "azurerm_virtual_network.vnet",
            "random_string.myrandom"
          ]
        },
        {
          "index_key": "130",
          "schema_version": 0,
          "attributes": {
            "access": "Allow",
            "description": "",
            "destination_address_prefix": "*",
            "destination_address_prefixes": null,
            "destination_application_security_group_ids": null,
            "destination_port_range": "22",
            "destination_port_ranges": null,
            "direction": "Inbound",
            "id": "/subscriptions/30ac425c-ea17-4b90-badf-2af77b724338/resourceGroups/hr-dev-rg-fucvkj/providers/Microsoft.Network/networkSecurityGroups/hr-dev-vnet-appsubnet-nsg/securityRules/Rule-Port-22",
            "name": "Rule-Port-22",
            "network_security_group_name": "hr-dev-vnet-appsubnet-nsg",
            "priority": 130,
            "protocol": "Tcp",
            "resource_group_name": "hr-dev-rg-fucvkj",
            "source_address_prefix": "*",
            "source_address_prefixes": null,
            "source_application_security_group_ids": null,
            "source_port_range": "*",
            "source_port_ranges": null,
            "timeouts": null
          },
          "sensitive_attributes": [],
          "private": "eyJlMmJmYjczMC1lY2FhLTExZTYtOGY4OC0zNDM2M2JjN2M0YzAiOnsiY3JlYXRlIjoxODAwMDAwMDAwMDAwLCJkZWxldGUiOjE4MDAwMDAwMDAwMDAsInJlYWQiOjMwMDAwMDAwMDAwMCwidXBkYXRlIjoxODAwMDAwMDAwMDAwfX0=",
          "dependencies": [
            "azurerm_network_security_group.app_subnet_nsg",
            "azurerm_resource_group.rg",
            "azurerm_subnet.appsubnet",
            "azurerm_virtual_network.vnet",
            "random_string.myrandom"
          ]
        }
      ]
    },
    {
      "mode": "managed",
      "type": "azurerm_network_security_rule",
      "name": "bastion_nsg_rule_inbound",
      "provider": "provider[\"registry.terraform.io/hashicorp/azurerm\"]",
      "instances": [
        {
          "index_key": "100",
          "schema_version": 0,
          "attributes": {
            "access": "Allow",
            "description": "",
            "destination_address_prefix": "*",
            "destination_address_prefixes": null,
            "destination_application_security_group_ids": null,
            "destination_port_range": "22",
            "destination_port_ranges": null,
            "direction": "Inbound",
            "id": "/subscriptions/30ac425c-ea17-4b90-badf-2af77b724338/resourceGroups/hr-dev-rg-fucvkj/providers/Microsoft.Network/networkSecurityGroups/hr-dev-vnet-bastionsubnet-nsg/securityRules/Rule-Port-22",
            "name": "Rule-Port-22",
            "network_security_group_name": "hr-dev-vnet-bastionsubnet-nsg",
            "priority": 100,
            "protocol": "Tcp",
            "resource_group_name": "hr-dev-rg-fucvkj",
            "source_address_prefix": "*",
            "source_address_prefixes": null,
            "source_application_security_group_ids": null,
            "source_port_range": "*",
            "source_port_ranges": null,
            "timeouts": null
          },
          "sensitive_attributes": [],
          "private": "eyJlMmJmYjczMC1lY2FhLTExZTYtOGY4OC0zNDM2M2JjN2M0YzAiOnsiY3JlYXRlIjoxODAwMDAwMDAwMDAwLCJkZWxldGUiOjE4MDAwMDAwMDAwMDAsInJlYWQiOjMwMDAwMDAwMDAwMCwidXBkYXRlIjoxODAwMDAwMDAwMDAwfX0=",
          "dependencies": [
            "azurerm_network_security_group.bastion_subnet_nsg",
            "azurerm_resource_group.rg",
            "azurerm_subnet.bastionsubnet",
            "azurerm_virtual_network.vnet",
            "random_string.myrandom"
          ]
        },
        {
          "index_key": "110",
          "schema_version": 0,
          "attributes": {
            "access": "Allow",
            "description": "",
            "destination_address_prefix": "*",
            "destination_address_prefixes": null,
            "destination_application_security_group_ids": null,
            "destination_port_range": "3389",
            "destination_port_ranges": null,
            "direction": "Inbound",
            "id": "/subscriptions/30ac425c-ea17-4b90-badf-2af77b724338/resourceGroups/hr-dev-rg-fucvkj/providers/Microsoft.Network/networkSecurityGroups/hr-dev-vnet-bastionsubnet-nsg/securityRules/Rule-Port-3389",
            "name": "Rule-Port-3389",
            "network_security_group_name": "hr-dev-vnet-bastionsubnet-nsg",
            "priority": 110,
            "protocol": "Tcp",
            "resource_group_name": "hr-dev-rg-fucvkj",
            "source_address_prefix": "*",
            "source_address_prefixes": null,
            "source_application_security_group_ids": null,
            "source_port_range": "*",
            "source_port_ranges": null,
            "timeouts": null
          },
          "sensitive_attributes": [],
          "private": "eyJlMmJmYjczMC1lY2FhLTExZTYtOGY4OC0zNDM2M2JjN2M0YzAiOnsiY3JlYXRlIjoxODAwMDAwMDAwMDAwLCJkZWxldGUiOjE4MDAwMDAwMDAwMDAsInJlYWQiOjMwMDAwMDAwMDAwMCwidXBkYXRlIjoxODAwMDAwMDAwMDAwfX0=",
          "dependencies": [
            "azurerm_network_security_group.bastion_subnet_nsg",
            "azurerm_resource_group.rg",
            "azurerm_subnet.bastionsubnet",
            "azurerm_virtual_network.vnet",
            "random_string.myrandom"
          ]
        }
      ]
    },
    {
      "mode": "managed",
      "type": "azurerm_network_security_rule",
      "name": "db_nsg_rule_inbound",
      "provider": "provider[\"registry.terraform.io/hashicorp/azurerm\"]",
      "instances": [
        {
          "index_key": "100",
          "schema_version": 0,
          "attributes": {
            "access": "Allow",
            "description": "",
            "destination_address_prefix": "*",
            "destination_address_prefixes": null,
            "destination_application_security_group_ids": null,
            "destination_port_range": "3306",
            "destination_port_ranges": null,
            "direction": "Inbound",
            "id": "/subscriptions/30ac425c-ea17-4b90-badf-2af77b724338/resourceGroups/hr-dev-rg-fucvkj/providers/Microsoft.Network/networkSecurityGroups/hr-dev-vnet-dbsubnet-nsg/securityRules/Rule-Port-3306",
            "name": "Rule-Port-3306",
            "network_security_group_name": "hr-dev-vnet-dbsubnet-nsg",
            "priority": 100,
            "protocol": "Tcp",
            "resource_group_name": "hr-dev-rg-fucvkj",
            "source_address_prefix": "*",
            "source_address_prefixes": null,
            "source_application_security_group_ids": null,
            "source_port_range": "*",
            "source_port_ranges": null,
            "timeouts": null
          },
          "sensitive_attributes": [],
          "private": "eyJlMmJmYjczMC1lY2FhLTExZTYtOGY4OC0zNDM2M2JjN2M0YzAiOnsiY3JlYXRlIjoxODAwMDAwMDAwMDAwLCJkZWxldGUiOjE4MDAwMDAwMDAwMDAsInJlYWQiOjMwMDAwMDAwMDAwMCwidXBkYXRlIjoxODAwMDAwMDAwMDAwfX0=",
          "dependencies": [
            "azurerm_network_security_group.db_subnet_nsg",
            "azurerm_resource_group.rg",
            "azurerm_subnet.dbsubnet",
            "azurerm_virtual_network.vnet",
            "random_string.myrandom"
          ]
        },
        {
          "index_key": "110",
          "schema_version": 0,
          "attributes": {
            "access": "Allow",
            "description": "",
            "destination_address_prefix": "*",
            "destination_address_prefixes": null,
            "destination_application_security_group_ids": null,
            "destination_port_range": "1433",
            "destination_port_ranges": null,
            "direction": "Inbound",
            "id": "/subscriptions/30ac425c-ea17-4b90-badf-2af77b724338/resourceGroups/hr-dev-rg-fucvkj/providers/Microsoft.Network/networkSecurityGroups/hr-dev-vnet-dbsubnet-nsg/securityRules/Rule-Port-1433",
            "name": "Rule-Port-1433",
            "network_security_group_name": "hr-dev-vnet-dbsubnet-nsg",
            "priority": 110,
            "protocol": "Tcp",
            "resource_group_name": "hr-dev-rg-fucvkj",
            "source_address_prefix": "*",
            "source_address_prefixes": null,
            "source_application_security_group_ids": null,
            "source_port_range": "*",
            "source_port_ranges": null,
            "timeouts": null
          },
          "sensitive_attributes": [],
          "private": "eyJlMmJmYjczMC1lY2FhLTExZTYtOGY4OC0zNDM2M2JjN2M0YzAiOnsiY3JlYXRlIjoxODAwMDAwMDAwMDAwLCJkZWxldGUiOjE4MDAwMDAwMDAwMDAsInJlYWQiOjMwMDAwMDAwMDAwMCwidXBkYXRlIjoxODAwMDAwMDAwMDAwfX0=",
          "dependencies": [
            "azurerm_network_security_group.db_subnet_nsg",
            "azurerm_resource_group.rg",
            "azurerm_subnet.dbsubnet",
            "azurerm_virtual_network.vnet",
            "random_string.myrandom"
          ]
        },
        {
          "index_key": "120",
          "schema_version": 0,
          "attributes": {
            "access": "Allow",
            "description": "",
            "destination_address_prefix": "*",
            "destination_address_prefixes": null,
            "destination_application_security_group_ids": null,
            "destination_port_range": "5432",
            "destination_port_ranges": null,
            "direction": "Inbound",
            "id": "/subscriptions/30ac425c-ea17-4b90-badf-2af77b724338/resourceGroups/hr-dev-rg-fucvkj/providers/Microsoft.Network/networkSecurityGroups/hr-dev-vnet-dbsubnet-nsg/securityRules/Rule-Port-5432",
            "name": "Rule-Port-5432",
            "network_security_group_name": "hr-dev-vnet-dbsubnet-nsg",
            "priority": 120,
            "protocol": "Tcp",
            "resource_group_name": "hr-dev-rg-fucvkj",
            "source_address_prefix": "*",
            "source_address_prefixes": null,
            "source_application_security_group_ids": null,
            "source_port_range": "*",
            "source_port_ranges": null,
            "timeouts": null
          },
          "sensitive_attributes": [],
          "private": "eyJlMmJmYjczMC1lY2FhLTExZTYtOGY4OC0zNDM2M2JjN2M0YzAiOnsiY3JlYXRlIjoxODAwMDAwMDAwMDAwLCJkZWxldGUiOjE4MDAwMDAwMDAwMDAsInJlYWQiOjMwMDAwMDAwMDAwMCwidXBkYXRlIjoxODAwMDAwMDAwMDAwfX0=",
          "dependencies": [
            "azurerm_network_security_group.db_subnet_nsg",
            "azurerm_resource_group.rg",
            "azurerm_subnet.dbsubnet",
            "azurerm_virtual_network.vnet",
            "random_string.myrandom"
          ]
        }
      ]
    },
    {
      "mode": "managed",
      "type": "azurerm_network_security_rule",
      "name": "web_nsg_rule_inbound",
      "provider": "provider[\"registry.terraform.io/hashicorp/azurerm\"]",
      "instances": [
        {
          "index_key": "100",
          "schema_version": 0,
          "attributes": {
            "access": "Allow",
            "description": "",
            "destination_address_prefix": "*",
            "destination_address_prefixes": null,
            "destination_application_security_group_ids": null,
            "destination_port_range": "80",
            "destination_port_ranges": null,
            "direction": "Inbound",
            "id": "/subscriptions/30ac425c-ea17-4b90-badf-2af77b724338/resourceGroups/hr-dev-rg-fucvkj/providers/Microsoft.Network/networkSecurityGroups/hr-dev-vnet-websubnet-nsg/securityRules/Rule-Port-80",
            "name": "Rule-Port-80",
            "network_security_group_name": "hr-dev-vnet-websubnet-nsg",
            "priority": 100,
            "protocol": "Tcp",
            "resource_group_name": "hr-dev-rg-fucvkj",
            "source_address_prefix": "*",
            "source_address_prefixes": null,
            "source_application_security_group_ids": null,
            "source_port_range": "*",
            "source_port_ranges": null,
            "timeouts": null
          },
          "sensitive_attributes": [],
          "private": "eyJlMmJmYjczMC1lY2FhLTExZTYtOGY4OC0zNDM2M2JjN2M0YzAiOnsiY3JlYXRlIjoxODAwMDAwMDAwMDAwLCJkZWxldGUiOjE4MDAwMDAwMDAwMDAsInJlYWQiOjMwMDAwMDAwMDAwMCwidXBkYXRlIjoxODAwMDAwMDAwMDAwfX0=",
          "dependencies": [
            "azurerm_network_security_group.web_subnet_nsg",
            "azurerm_resource_group.rg",
            "azurerm_subnet.websubnet",
            "azurerm_virtual_network.vnet",
            "random_string.myrandom"
          ]
        },
        {
          "index_key": "110",
          "schema_version": 0,
          "attributes": {
            "access": "Allow",
            "description": "",
            "destination_address_prefix": "*",
            "destination_address_prefixes": null,
            "destination_application_security_group_ids": null,
            "destination_port_range": "443",
            "destination_port_ranges": null,
            "direction": "Inbound",
            "id": "/subscriptions/30ac425c-ea17-4b90-badf-2af77b724338/resourceGroups/hr-dev-rg-fucvkj/providers/Microsoft.Network/networkSecurityGroups/hr-dev-vnet-websubnet-nsg/securityRules/Rule-Port-443",
            "name": "Rule-Port-443",
            "network_security_group_name": "hr-dev-vnet-websubnet-nsg",
            "priority": 110,
            "protocol": "Tcp",
            "resource_group_name": "hr-dev-rg-fucvkj",
            "source_address_prefix": "*",
            "source_address_prefixes": null,
            "source_application_security_group_ids": null,
            "source_port_range": "*",
            "source_port_ranges": null,
            "timeouts": null
          },
          "sensitive_attributes": [],
          "private": "eyJlMmJmYjczMC1lY2FhLTExZTYtOGY4OC0zNDM2M2JjN2M0YzAiOnsiY3JlYXRlIjoxODAwMDAwMDAwMDAwLCJkZWxldGUiOjE4MDAwMDAwMDAwMDAsInJlYWQiOjMwMDAwMDAwMDAwMCwidXBkYXRlIjoxODAwMDAwMDAwMDAwfX0=",
          "dependencies": [
            "azurerm_network_security_group.web_subnet_nsg",
            "azurerm_resource_group.rg",
            "azurerm_subnet.websubnet",
            "azurerm_virtual_network.vnet",
            "random_string.myrandom"
          ]
        },
        {
          "index_key": "120",
          "schema_version": 0,
          "attributes": {
            "access": "Allow",
            "description": "",
            "destination_address_prefix": "*",
            "destination_address_prefixes": null,
            "destination_application_security_group_ids": null,
            "destination_port_range": "22",
            "destination_port_ranges": null,
            "direction": "Inbound",
            "id": "/subscriptions/30ac425c-ea17-4b90-badf-2af77b724338/resourceGroups/hr-dev-rg-fucvkj/providers/Microsoft.Network/networkSecurityGroups/hr-dev-vnet-websubnet-nsg/securityRules/Rule-Port-22",
            "name": "Rule-Port-22",
            "network_security_group_name": "hr-dev-vnet-websubnet-nsg",
            "priority": 120,
            "protocol": "Tcp",
            "resource_group_name": "hr-dev-rg-fucvkj",
            "source_address_prefix": "*",
            "source_address_prefixes": null,
            "source_application_security_group_ids": null,
            "source_port_range": "*",
            "source_port_ranges": null,
            "timeouts": null
          },
          "sensitive_attributes": [],
          "private": "eyJlMmJmYjczMC1lY2FhLTExZTYtOGY4OC0zNDM2M2JjN2M0YzAiOnsiY3JlYXRlIjoxODAwMDAwMDAwMDAwLCJkZWxldGUiOjE4MDAwMDAwMDAwMDAsInJlYWQiOjMwMDAwMDAwMDAwMCwidXBkYXRlIjoxODAwMDAwMDAwMDAwfX0=",
          "dependencies": [
            "azurerm_network_security_group.web_subnet_nsg",
            "azurerm_resource_group.rg",
            "azurerm_subnet.websubnet",
            "azurerm_virtual_network.vnet",
            "random_string.myrandom"
          ]
        }
      ]
    },
    {
      "mode": "managed",
      "type": "azurerm_network_security_rule",
      "name": "web_vmnic_nsg_rule_inbound",
      "provider": "provider[\"registry.terraform.io/hashicorp/azurerm\"]",
      "instances": [
        {
          "index_key": "100",
          "schema_version": 0,
          "attributes": {
            "access": "Allow",
            "description": "",
            "destination_address_prefix": "*",
            "destination_address_prefixes": null,
            "destination_application_security_group_ids": null,
            "destination_port_range": "80",
            "destination_port_ranges": null,
            "direction": "Inbound",
            "id": "/subscriptions/30ac425c-ea17-4b90-badf-2af77b724338/resourceGroups/hr-dev-rg-fucvkj/providers/Microsoft.Network/networkSecurityGroups/hr-dev-web-linuxvm-nic-nsg/securityRules/Rule-Port-80",
            "name": "Rule-Port-80",
            "network_security_group_name": "hr-dev-web-linuxvm-nic-nsg",
            "priority": 100,
            "protocol": "Tcp",
            "resource_group_name": "hr-dev-rg-fucvkj",
            "source_address_prefix": "*",
            "source_address_prefixes": null,
            "source_application_security_group_ids": null,
            "source_port_range": "*",
            "source_port_ranges": null,
            "timeouts": null
          },
          "sensitive_attributes": [],
          "private": "eyJlMmJmYjczMC1lY2FhLTExZTYtOGY4OC0zNDM2M2JjN2M0YzAiOnsiY3JlYXRlIjoxODAwMDAwMDAwMDAwLCJkZWxldGUiOjE4MDAwMDAwMDAwMDAsInJlYWQiOjMwMDAwMDAwMDAwMCwidXBkYXRlIjoxODAwMDAwMDAwMDAwfX0=",
          "dependencies": [
            "azurerm_network_interface.web_linuxvm_nic",
            "azurerm_network_security_group.web_vmnic_nsg",
            "azurerm_public_ip.web_linuxvm_publicip",
            "azurerm_resource_group.rg",
            "azurerm_subnet.websubnet",
            "azurerm_virtual_network.vnet",
            "random_string.myrandom"
          ]
        },
        {
          "index_key": "110",
          "schema_version": 0,
          "attributes": {
            "access": "Allow",
            "description": "",
            "destination_address_prefix": "*",
            "destination_address_prefixes": null,
            "destination_application_security_group_ids": null,
            "destination_port_range": "443",
            "destination_port_ranges": null,
            "direction": "Inbound",
            "id": "/subscriptions/30ac425c-ea17-4b90-badf-2af77b724338/resourceGroups/hr-dev-rg-fucvkj/providers/Microsoft.Network/networkSecurityGroups/hr-dev-web-linuxvm-nic-nsg/securityRules/Rule-Port-443",
            "name": "Rule-Port-443",
            "network_security_group_name": "hr-dev-web-linuxvm-nic-nsg",
            "priority": 110,
            "protocol": "Tcp",
            "resource_group_name": "hr-dev-rg-fucvkj",
            "source_address_prefix": "*",
            "source_address_prefixes": null,
            "source_application_security_group_ids": null,
            "source_port_range": "*",
            "source_port_ranges": null,
            "timeouts": null
          },
          "sensitive_attributes": [],
          "private": "eyJlMmJmYjczMC1lY2FhLTExZTYtOGY4OC0zNDM2M2JjN2M0YzAiOnsiY3JlYXRlIjoxODAwMDAwMDAwMDAwLCJkZWxldGUiOjE4MDAwMDAwMDAwMDAsInJlYWQiOjMwMDAwMDAwMDAwMCwidXBkYXRlIjoxODAwMDAwMDAwMDAwfX0=",
          "dependencies": [
            "azurerm_network_interface.web_linuxvm_nic",
            "azurerm_network_security_group.web_vmnic_nsg",
            "azurerm_public_ip.web_linuxvm_publicip",
            "azurerm_resource_group.rg",
            "azurerm_subnet.websubnet",
            "azurerm_virtual_network.vnet",
            "random_string.myrandom"
          ]
        },
        {
          "index_key": "120",
          "schema_version": 0,
          "attributes": {
            "access": "Allow",
            "description": "",
            "destination_address_prefix": "*",
            "destination_address_prefixes": null,
            "destination_application_security_group_ids": null,
            "destination_port_range": "22",
            "destination_port_ranges": null,
            "direction": "Inbound",
            "id": "/subscriptions/30ac425c-ea17-4b90-badf-2af77b724338/resourceGroups/hr-dev-rg-fucvkj/providers/Microsoft.Network/networkSecurityGroups/hr-dev-web-linuxvm-nic-nsg/securityRules/Rule-Port-22",
            "name": "Rule-Port-22",
            "network_security_group_name": "hr-dev-web-linuxvm-nic-nsg",
            "priority": 120,
            "protocol": "Tcp",
            "resource_group_name": "hr-dev-rg-fucvkj",
            "source_address_prefix": "*",
            "source_address_prefixes": null,
            "source_application_security_group_ids": null,
            "source_port_range": "*",
            "source_port_ranges": null,
            "timeouts": null
          },
          "sensitive_attributes": [],
          "private": "eyJlMmJmYjczMC1lY2FhLTExZTYtOGY4OC0zNDM2M2JjN2M0YzAiOnsiY3JlYXRlIjoxODAwMDAwMDAwMDAwLCJkZWxldGUiOjE4MDAwMDAwMDAwMDAsInJlYWQiOjMwMDAwMDAwMDAwMCwidXBkYXRlIjoxODAwMDAwMDAwMDAwfX0=",
          "dependencies": [
            "azurerm_network_interface.web_linuxvm_nic",
            "azurerm_network_security_group.web_vmnic_nsg",
            "azurerm_public_ip.web_linuxvm_publicip",
            "azurerm_resource_group.rg",
            "azurerm_subnet.websubnet",
            "azurerm_virtual_network.vnet",
            "random_string.myrandom"
          ]
        }
      ]
    },
    {
      "mode": "managed",
      "type": "azurerm_public_ip",
      "name": "bastion_host_publicip",
      "provider": "provider[\"registry.terraform.io/hashicorp/azurerm\"]",
      "instances": [
        {
          "schema_version": 0,
          "attributes": {
            "allocation_method": "Static",
            "domain_name_label": null,
            "edge_zone": "",
            "fqdn": null,
            "id": "/subscriptions/30ac425c-ea17-4b90-badf-2af77b724338/resourceGroups/hr-dev-rg-fucvkj/providers/Microsoft.Network/publicIPAddresses/hr-dev-bastion-host-publicip",
            "idle_timeout_in_minutes": 4,
            "ip_address": "40.122.45.229",
            "ip_tags": null,
            "ip_version": "IPv4",
            "location": "centralus",
            "name": "hr-dev-bastion-host-publicip",
            "public_ip_prefix_id": null,
            "resource_group_name": "hr-dev-rg-fucvkj",
            "reverse_fqdn": null,
            "sku": "Standard",
            "sku_tier": "Regional",
            "tags": null,
            "timeouts": null,
            "zones": null
          },
          "sensitive_attributes": [],
          "private": "eyJlMmJmYjczMC1lY2FhLTExZTYtOGY4OC0zNDM2M2JjN2M0YzAiOnsiY3JlYXRlIjoxODAwMDAwMDAwMDAwLCJkZWxldGUiOjE4MDAwMDAwMDAwMDAsInJlYWQiOjMwMDAwMDAwMDAwMCwidXBkYXRlIjoxODAwMDAwMDAwMDAwfX0=",
          "dependencies": [
            "azurerm_resource_group.rg",
            "random_string.myrandom"
          ]
        }
      ]
    },
    {
      "mode": "managed",
      "type": "azurerm_public_ip",
      "name": "bastion_service_publicip",
      "provider": "provider[\"registry.terraform.io/hashicorp/azurerm\"]",
      "instances": [
        {
          "schema_version": 0,
          "attributes": {
            "allocation_method": "Static",
            "domain_name_label": null,
            "edge_zone": "",
            "fqdn": null,
            "id": "/subscriptions/30ac425c-ea17-4b90-badf-2af77b724338/resourceGroups/hr-dev-rg-fucvkj/providers/Microsoft.Network/publicIPAddresses/hr-dev-bastion-service-publicip",
            "idle_timeout_in_minutes": 4,
            "ip_address": "40.122.40.63",
            "ip_tags": null,
            "ip_version": "IPv4",
            "location": "centralus",
            "name": "hr-dev-bastion-service-publicip",
            "public_ip_prefix_id": null,
            "resource_group_name": "hr-dev-rg-fucvkj",
            "reverse_fqdn": null,
            "sku": "Standard",
            "sku_tier": "Regional",
            "tags": null,
            "timeouts": null,
            "zones": null
          },
          "sensitive_attributes": [],
          "private": "eyJlMmJmYjczMC1lY2FhLTExZTYtOGY4OC0zNDM2M2JjN2M0YzAiOnsiY3JlYXRlIjoxODAwMDAwMDAwMDAwLCJkZWxldGUiOjE4MDAwMDAwMDAwMDAsInJlYWQiOjMwMDAwMDAwMDAwMCwidXBkYXRlIjoxODAwMDAwMDAwMDAwfX0=",
          "dependencies": [
            "azurerm_resource_group.rg",
            "random_string.myrandom"
          ]
        }
      ]
    },
    {
      "mode": "managed",
      "type": "azurerm_public_ip",
      "name": "web_linuxvm_publicip",
      "provider": "provider[\"registry.terraform.io/hashicorp/azurerm\"]",
      "instances": [
        {
          "schema_version": 0,
          "attributes": {
            "allocation_method": "Static",
            "domain_name_label": null,
            "edge_zone": "",
            "fqdn": null,
            "id": "/subscriptions/30ac425c-ea17-4b90-badf-2af77b724338/resourceGroups/hr-dev-rg-fucvkj/providers/Microsoft.Network/publicIPAddresses/hr-dev-linuxvm-publicip",
            "idle_timeout_in_minutes": 4,
            "ip_address": "104.43.239.140",
            "ip_tags": null,
            "ip_version": "IPv4",
            "location": "centralus",
            "name": "hr-dev-linuxvm-publicip",
            "public_ip_prefix_id": null,
            "resource_group_name": "hr-dev-rg-fucvkj",
            "reverse_fqdn": null,
            "sku": "Standard",
            "sku_tier": "Regional",
            "tags": null,
            "timeouts": null,
            "zones": null
          },
          "sensitive_attributes": [],
          "private": "eyJlMmJmYjczMC1lY2FhLTExZTYtOGY4OC0zNDM2M2JjN2M0YzAiOnsiY3JlYXRlIjoxODAwMDAwMDAwMDAwLCJkZWxldGUiOjE4MDAwMDAwMDAwMDAsInJlYWQiOjMwMDAwMDAwMDAwMCwidXBkYXRlIjoxODAwMDAwMDAwMDAwfX0=",
          "dependencies": [
            "azurerm_resource_group.rg",
            "random_string.myrandom"
          ]
        }
      ]
    },
    {
      "mode": "managed",
      "type": "azurerm_resource_group",
      "name": "rg",
      "provider": "provider[\"registry.terraform.io/hashicorp/azurerm\"]",
      "instances": [
        {
          "schema_version": 0,
          "attributes": {
            "id": "/subscriptions/30ac425c-ea17-4b90-badf-2af77b724338/resourceGroups/hr-dev-rg-fucvkj",
            "location": "centralus",
            "name": "hr-dev-rg-fucvkj",
            "tags": {
              "environment": "dev",
              "owners": "hr"
            },
            "timeouts": null
          },
          "sensitive_attributes": [],
          "private": "eyJlMmJmYjczMC1lY2FhLTExZTYtOGY4OC0zNDM2M2JjN2M0YzAiOnsiY3JlYXRlIjo1NDAwMDAwMDAwMDAwLCJkZWxldGUiOjU0MDAwMDAwMDAwMDAsInJlYWQiOjMwMDAwMDAwMDAwMCwidXBkYXRlIjo1NDAwMDAwMDAwMDAwfX0=",
          "dependencies": [
            "random_string.myrandom"
          ]
        }
      ]
    },
    {
      "mode": "managed",
      "type": "azurerm_subnet",
      "name": "appsubnet",
      "provider": "provider[\"registry.terraform.io/hashicorp/azurerm\"]",
      "instances": [
        {
          "schema_version": 0,
          "attributes": {
            "address_prefixes": [
              "10.1.11.0/24"
            ],
            "delegation": [],
            "enforce_private_link_endpoint_network_policies": false,
            "enforce_private_link_service_network_policies": false,
            "id": "/subscriptions/30ac425c-ea17-4b90-badf-2af77b724338/resourceGroups/hr-dev-rg-fucvkj/providers/Microsoft.Network/virtualNetworks/hr-dev-vnet/subnets/hr-dev-vnet-appsubnet",
            "name": "hr-dev-vnet-appsubnet",
            "resource_group_name": "hr-dev-rg-fucvkj",
            "service_endpoint_policy_ids": null,
            "service_endpoints": null,
            "timeouts": null,
            "virtual_network_name": "hr-dev-vnet"
          },
          "sensitive_attributes": [],
          "private": "eyJlMmJmYjczMC1lY2FhLTExZTYtOGY4OC0zNDM2M2JjN2M0YzAiOnsiY3JlYXRlIjoxODAwMDAwMDAwMDAwLCJkZWxldGUiOjE4MDAwMDAwMDAwMDAsInJlYWQiOjMwMDAwMDAwMDAwMCwidXBkYXRlIjoxODAwMDAwMDAwMDAwfX0=",
          "dependencies": [
            "azurerm_resource_group.rg",
            "azurerm_virtual_network.vnet",
            "random_string.myrandom"
          ]
        }
      ]
    },
    {
      "mode": "managed",
      "type": "azurerm_subnet",
      "name": "bastion_service_subnet",
      "provider": "provider[\"registry.terraform.io/hashicorp/azurerm\"]",
      "instances": [
        {
          "schema_version": 0,
          "attributes": {
            "address_prefixes": [
              "10.1.101.0/27"
            ],
            "delegation": [],
            "enforce_private_link_endpoint_network_policies": false,
            "enforce_private_link_service_network_policies": false,
            "id": "/subscriptions/30ac425c-ea17-4b90-badf-2af77b724338/resourceGroups/hr-dev-rg-fucvkj/providers/Microsoft.Network/virtualNetworks/hr-dev-vnet/subnets/AzureBastionSubnet",
            "name": "AzureBastionSubnet",
            "resource_group_name": "hr-dev-rg-fucvkj",
            "service_endpoint_policy_ids": null,
            "service_endpoints": null,
            "timeouts": null,
            "virtual_network_name": "hr-dev-vnet"
          },
          "sensitive_attributes": [],
          "private": "eyJlMmJmYjczMC1lY2FhLTExZTYtOGY4OC0zNDM2M2JjN2M0YzAiOnsiY3JlYXRlIjoxODAwMDAwMDAwMDAwLCJkZWxldGUiOjE4MDAwMDAwMDAwMDAsInJlYWQiOjMwMDAwMDAwMDAwMCwidXBkYXRlIjoxODAwMDAwMDAwMDAwfX0=",
          "dependencies": [
            "azurerm_resource_group.rg",
            "azurerm_virtual_network.vnet",
            "random_string.myrandom"
          ]
        }
      ]
    },
    {
      "mode": "managed",
      "type": "azurerm_subnet",
      "name": "bastionsubnet",
      "provider": "provider[\"registry.terraform.io/hashicorp/azurerm\"]",
      "instances": [
        {
          "schema_version": 0,
          "attributes": {
            "address_prefixes": [
              "10.1.100.0/24"
            ],
            "delegation": [],
            "enforce_private_link_endpoint_network_policies": false,
            "enforce_private_link_service_network_policies": false,
            "id": "/subscriptions/30ac425c-ea17-4b90-badf-2af77b724338/resourceGroups/hr-dev-rg-fucvkj/providers/Microsoft.Network/virtualNetworks/hr-dev-vnet/subnets/hr-dev-vnet-bastionsubnet",
            "name": "hr-dev-vnet-bastionsubnet",
            "resource_group_name": "hr-dev-rg-fucvkj",
            "service_endpoint_policy_ids": null,
            "service_endpoints": null,
            "timeouts": null,
            "virtual_network_name": "hr-dev-vnet"
          },
          "sensitive_attributes": [],
          "private": "eyJlMmJmYjczMC1lY2FhLTExZTYtOGY4OC0zNDM2M2JjN2M0YzAiOnsiY3JlYXRlIjoxODAwMDAwMDAwMDAwLCJkZWxldGUiOjE4MDAwMDAwMDAwMDAsInJlYWQiOjMwMDAwMDAwMDAwMCwidXBkYXRlIjoxODAwMDAwMDAwMDAwfX0=",
          "dependencies": [
            "azurerm_resource_group.rg",
            "azurerm_virtual_network.vnet",
            "random_string.myrandom"
          ]
        }
      ]
    },
    {
      "mode": "managed",
      "type": "azurerm_subnet",
      "name": "dbsubnet",
      "provider": "provider[\"registry.terraform.io/hashicorp/azurerm\"]",
      "instances": [
        {
          "schema_version": 0,
          "attributes": {
            "address_prefixes": [
              "10.1.21.0/24"
            ],
            "delegation": [],
            "enforce_private_link_endpoint_network_policies": false,
            "enforce_private_link_service_network_policies": false,
            "id": "/subscriptions/30ac425c-ea17-4b90-badf-2af77b724338/resourceGroups/hr-dev-rg-fucvkj/providers/Microsoft.Network/virtualNetworks/hr-dev-vnet/subnets/hr-dev-vnet-dbsubnet",
            "name": "hr-dev-vnet-dbsubnet",
            "resource_group_name": "hr-dev-rg-fucvkj",
            "service_endpoint_policy_ids": null,
            "service_endpoints": null,
            "timeouts": null,
            "virtual_network_name": "hr-dev-vnet"
          },
          "sensitive_attributes": [],
          "private": "eyJlMmJmYjczMC1lY2FhLTExZTYtOGY4OC0zNDM2M2JjN2M0YzAiOnsiY3JlYXRlIjoxODAwMDAwMDAwMDAwLCJkZWxldGUiOjE4MDAwMDAwMDAwMDAsInJlYWQiOjMwMDAwMDAwMDAwMCwidXBkYXRlIjoxODAwMDAwMDAwMDAwfX0=",
          "dependencies": [
            "azurerm_resource_group.rg",
            "azurerm_virtual_network.vnet",
            "random_string.myrandom"
          ]
        }
      ]
    },
    {
      "mode": "managed",
      "type": "azurerm_subnet",
      "name": "websubnet",
      "provider": "provider[\"registry.terraform.io/hashicorp/azurerm\"]",
      "instances": [
        {
          "schema_version": 0,
          "attributes": {
            "address_prefixes": [
              "10.1.1.0/24"
            ],
            "delegation": [],
            "enforce_private_link_endpoint_network_policies": false,
            "enforce_private_link_service_network_policies": false,
            "id": "/subscriptions/30ac425c-ea17-4b90-badf-2af77b724338/resourceGroups/hr-dev-rg-fucvkj/providers/Microsoft.Network/virtualNetworks/hr-dev-vnet/subnets/hr-dev-vnet-websubnet",
            "name": "hr-dev-vnet-websubnet",
            "resource_group_name": "hr-dev-rg-fucvkj",
            "service_endpoint_policy_ids": null,
            "service_endpoints": null,
            "timeouts": null,
            "virtual_network_name": "hr-dev-vnet"
          },
          "sensitive_attributes": [],
          "private": "eyJlMmJmYjczMC1lY2FhLTExZTYtOGY4OC0zNDM2M2JjN2M0YzAiOnsiY3JlYXRlIjoxODAwMDAwMDAwMDAwLCJkZWxldGUiOjE4MDAwMDAwMDAwMDAsInJlYWQiOjMwMDAwMDAwMDAwMCwidXBkYXRlIjoxODAwMDAwMDAwMDAwfX0=",
          "dependencies": [
            "azurerm_resource_group.rg",
            "azurerm_virtual_network.vnet",
            "random_string.myrandom"
          ]
        }
      ]
    },
    {
      "mode": "managed",
      "type": "azurerm_subnet_network_security_group_association",
      "name": "app_subnet_nsg_associate",
      "provider": "provider[\"registry.terraform.io/hashicorp/azurerm\"]",
      "instances": [
        {
          "schema_version": 0,
          "attributes": {
            "id": "/subscriptions/30ac425c-ea17-4b90-badf-2af77b724338/resourceGroups/hr-dev-rg-fucvkj/providers/Microsoft.Network/virtualNetworks/hr-dev-vnet/subnets/hr-dev-vnet-appsubnet",
            "network_security_group_id": "/subscriptions/30ac425c-ea17-4b90-badf-2af77b724338/resourceGroups/hr-dev-rg-fucvkj/providers/Microsoft.Network/networkSecurityGroups/hr-dev-vnet-appsubnet-nsg",
            "subnet_id": "/subscriptions/30ac425c-ea17-4b90-badf-2af77b724338/resourceGroups/hr-dev-rg-fucvkj/providers/Microsoft.Network/virtualNetworks/hr-dev-vnet/subnets/hr-dev-vnet-appsubnet",
            "timeouts": null
          },
          "sensitive_attributes": [],
          "private": "eyJlMmJmYjczMC1lY2FhLTExZTYtOGY4OC0zNDM2M2JjN2M0YzAiOnsiY3JlYXRlIjoxODAwMDAwMDAwMDAwLCJkZWxldGUiOjE4MDAwMDAwMDAwMDAsInJlYWQiOjMwMDAwMDAwMDAwMCwidXBkYXRlIjoxODAwMDAwMDAwMDAwfX0=",
          "dependencies": [
            "azurerm_network_security_group.app_subnet_nsg",
            "azurerm_network_security_rule.app_nsg_rule_inbound",
            "azurerm_resource_group.rg",
            "azurerm_subnet.appsubnet",
            "azurerm_virtual_network.vnet",
            "random_string.myrandom"
          ]
        }
      ]
    },
    {
      "mode": "managed",
      "type": "azurerm_subnet_network_security_group_association",
      "name": "bastion_subnet_nsg_associate",
      "provider": "provider[\"registry.terraform.io/hashicorp/azurerm\"]",
      "instances": [
        {
          "schema_version": 0,
          "attributes": {
            "id": "/subscriptions/30ac425c-ea17-4b90-badf-2af77b724338/resourceGroups/hr-dev-rg-fucvkj/providers/Microsoft.Network/virtualNetworks/hr-dev-vnet/subnets/hr-dev-vnet-bastionsubnet",
            "network_security_group_id": "/subscriptions/30ac425c-ea17-4b90-badf-2af77b724338/resourceGroups/hr-dev-rg-fucvkj/providers/Microsoft.Network/networkSecurityGroups/hr-dev-vnet-bastionsubnet-nsg",
            "subnet_id": "/subscriptions/30ac425c-ea17-4b90-badf-2af77b724338/resourceGroups/hr-dev-rg-fucvkj/providers/Microsoft.Network/virtualNetworks/hr-dev-vnet/subnets/hr-dev-vnet-bastionsubnet",
            "timeouts": null
          },
          "sensitive_attributes": [],
          "private": "eyJlMmJmYjczMC1lY2FhLTExZTYtOGY4OC0zNDM2M2JjN2M0YzAiOnsiY3JlYXRlIjoxODAwMDAwMDAwMDAwLCJkZWxldGUiOjE4MDAwMDAwMDAwMDAsInJlYWQiOjMwMDAwMDAwMDAwMCwidXBkYXRlIjoxODAwMDAwMDAwMDAwfX0=",
          "dependencies": [
            "azurerm_network_security_group.bastion_subnet_nsg",
            "azurerm_network_security_rule.bastion_nsg_rule_inbound",
            "azurerm_resource_group.rg",
            "azurerm_subnet.bastionsubnet",
            "azurerm_virtual_network.vnet",
            "random_string.myrandom"
          ]
        }
      ]
    },
    {
      "mode": "managed",
      "type": "azurerm_subnet_network_security_group_association",
      "name": "db_subnet_nsg_associate",
      "provider": "provider[\"registry.terraform.io/hashicorp/azurerm\"]",
      "instances": [
        {
          "schema_version": 0,
          "attributes": {
            "id": "/subscriptions/30ac425c-ea17-4b90-badf-2af77b724338/resourceGroups/hr-dev-rg-fucvkj/providers/Microsoft.Network/virtualNetworks/hr-dev-vnet/subnets/hr-dev-vnet-dbsubnet",
            "network_security_group_id": "/subscriptions/30ac425c-ea17-4b90-badf-2af77b724338/resourceGroups/hr-dev-rg-fucvkj/providers/Microsoft.Network/networkSecurityGroups/hr-dev-vnet-dbsubnet-nsg",
            "subnet_id": "/subscriptions/30ac425c-ea17-4b90-badf-2af77b724338/resourceGroups/hr-dev-rg-fucvkj/providers/Microsoft.Network/virtualNetworks/hr-dev-vnet/subnets/hr-dev-vnet-dbsubnet",
            "timeouts": null
          },
          "sensitive_attributes": [],
          "private": "eyJlMmJmYjczMC1lY2FhLTExZTYtOGY4OC0zNDM2M2JjN2M0YzAiOnsiY3JlYXRlIjoxODAwMDAwMDAwMDAwLCJkZWxldGUiOjE4MDAwMDAwMDAwMDAsInJlYWQiOjMwMDAwMDAwMDAwMCwidXBkYXRlIjoxODAwMDAwMDAwMDAwfX0=",
          "dependencies": [
            "azurerm_network_security_group.db_subnet_nsg",
            "azurerm_network_security_rule.db_nsg_rule_inbound",
            "azurerm_resource_group.rg",
            "azurerm_subnet.dbsubnet",
            "azurerm_virtual_network.vnet",
            "random_string.myrandom"
          ]
        }
      ]
    },
    {
      "mode": "managed",
      "type": "azurerm_subnet_network_security_group_association",
      "name": "web_subnet_nsg_associate",
      "provider": "provider[\"registry.terraform.io/hashicorp/azurerm\"]",
      "instances": [
        {
          "schema_version": 0,
          "attributes": {
            "id": "/subscriptions/30ac425c-ea17-4b90-badf-2af77b724338/resourceGroups/hr-dev-rg-fucvkj/providers/Microsoft.Network/virtualNetworks/hr-dev-vnet/subnets/hr-dev-vnet-websubnet",
            "network_security_group_id": "/subscriptions/30ac425c-ea17-4b90-badf-2af77b724338/resourceGroups/hr-dev-rg-fucvkj/providers/Microsoft.Network/networkSecurityGroups/hr-dev-vnet-websubnet-nsg",
            "subnet_id": "/subscriptions/30ac425c-ea17-4b90-badf-2af77b724338/resourceGroups/hr-dev-rg-fucvkj/providers/Microsoft.Network/virtualNetworks/hr-dev-vnet/subnets/hr-dev-vnet-websubnet",
            "timeouts": null
          },
          "sensitive_attributes": [],
          "private": "eyJlMmJmYjczMC1lY2FhLTExZTYtOGY4OC0zNDM2M2JjN2M0YzAiOnsiY3JlYXRlIjoxODAwMDAwMDAwMDAwLCJkZWxldGUiOjE4MDAwMDAwMDAwMDAsInJlYWQiOjMwMDAwMDAwMDAwMCwidXBkYXRlIjoxODAwMDAwMDAwMDAwfX0=",
          "dependencies": [
            "azurerm_network_security_group.web_subnet_nsg",
            "azurerm_network_security_rule.web_nsg_rule_inbound",
            "azurerm_resource_group.rg",
            "azurerm_subnet.websubnet",
            "azurerm_virtual_network.vnet",
            "random_string.myrandom"
          ]
        }
      ]
    },
    {
      "mode": "managed",
      "type": "azurerm_virtual_network",
      "name": "vnet",
      "provider": "provider[\"registry.terraform.io/hashicorp/azurerm\"]",
      "instances": [
        {
          "schema_version": 0,
          "attributes": {
            "address_space": [
              "10.1.0.0/16"
            ],
            "bgp_community": "",
            "ddos_protection_plan": [],
            "dns_servers": [],
            "edge_zone": "",
            "flow_timeout_in_minutes": 0,
            "guid": "59895a73-fcbd-4ff4-8d32-9c00fd557236",
            "id": "/subscriptions/30ac425c-ea17-4b90-badf-2af77b724338/resourceGroups/hr-dev-rg-fucvkj/providers/Microsoft.Network/virtualNetworks/hr-dev-vnet",
            "location": "centralus",
            "name": "hr-dev-vnet",
            "resource_group_name": "hr-dev-rg-fucvkj",
            "subnet": [],
            "tags": {
              "environment": "dev",
              "owners": "hr"
            },
            "timeouts": null
          },
          "sensitive_attributes": [],
          "private": "eyJlMmJmYjczMC1lY2FhLTExZTYtOGY4OC0zNDM2M2JjN2M0YzAiOnsiY3JlYXRlIjoxODAwMDAwMDAwMDAwLCJkZWxldGUiOjE4MDAwMDAwMDAwMDAsInJlYWQiOjMwMDAwMDAwMDAwMCwidXBkYXRlIjoxODAwMDAwMDAwMDAwfX0=",
          "dependencies": [
            "azurerm_resource_group.rg",
            "random_string.myrandom"
          ]
        }
      ]
    },
    {
      "mode": "managed",
      "type": "null_resource",
      "name": "name",
      "provider": "provider[\"registry.terraform.io/hashicorp/null\"]",
      "instances": [
        {
          "schema_version": 0,
          "attributes": {
            "id": "7486811437891904937",
            "triggers": null
          },
          "sensitive_attributes": [],
          "private": "bnVsbA==",
          "dependencies": [
            "azurerm_linux_virtual_machine.bastion_host_linuxvm",
            "azurerm_network_interface.bastion_host_linuxvm_nic",
            "azurerm_public_ip.bastion_host_publicip",
            "azurerm_resource_group.rg",
            "azurerm_subnet.bastionsubnet",
            "azurerm_virtual_network.vnet",
            "random_string.myrandom"
          ]
        }
      ]
    },
    {
      "mode": "managed",
      "type": "random_string",
      "name": "myrandom",
      "provider": "provider[\"registry.terraform.io/hashicorp/random\"]",
      "instances": [
        {
          "schema_version": 1,
          "attributes": {
            "id": "fucvkj",
            "keepers": null,
            "length": 6,
            "lower": true,
            "min_lower": 0,
            "min_numeric": 0,
            "min_special": 0,
            "min_upper": 0,
            "number": false,
            "override_special": null,
            "result": "fucvkj",
            "special": false,
            "upper": false
          },
          "sensitive_attributes": [],
          "private": "eyJzY2hlbWFfdmVyc2lvbiI6IjEifQ=="
        }
      ]
    }
  ]
}
